# This file is automatically @generated by Cargo.
# It is not intended for manual editing.
version = 3

[[package]]
name = "autocfg"
version = "1.0.1"
source = "registry+https://github.com/rust-lang/crates.io-index"
checksum = "cdb031dd78e28731d87d56cc8ffef4a8f36ca26c38fe2de700543e627f8a464a"

[[package]]
name = "func_wrap"
version = "0.1.3"
source = "registry+https://github.com/rust-lang/crates.io-index"
checksum = "269593e21b83a2ccbc36c7922e299f11b5671d91b0116138080b9b4cfa5eec05"
dependencies = [
 "proc-macro2",
 "quote",
 "syn",
]

[[package]]
name = "paste"
version = "1.0.2"
source = "registry+https://github.com/rust-lang/crates.io-index"
checksum = "ba7ae1a2180ed02ddfdb5ab70c70d596a26dd642e097bb6fe78b1bde8588ed97"

[[package]]
name = "proc-macro2"
version = "1.0.0"
source = "registry+https://github.com/rust-lang/crates.io-index"
checksum = "19f287c234c9b2d0308d692dee5c449c1a171167a6f8150f7cf2a49d8fd96967"
dependencies = [
 "unicode-xid",
]

[[package]]
name = "quote"
version = "1.0.0"
source = "registry+https://github.com/rust-lang/crates.io-index"
checksum = "7ab938ebe6f1c82426b5fb82eaf10c3e3028c53deaa3fbe38f5904b37cf4d767"
dependencies = [
 "proc-macro2",
]

[[package]]
name = "stackbox"
version = "0.2.0-rc3"
dependencies = [
 "paste",
 "unsize",
 "with_locals",
]

[[package]]
name = "syn"
version = "1.0.1"
source = "registry+https://github.com/rust-lang/crates.io-index"
checksum = "863ecbce06044c8380458360b4146d7372edadfedd77f120ba8c193da427b708"
dependencies = [
 "proc-macro2",
 "quote",
 "unicode-xid",
]

[[package]]
name = "unicode-xid"
version = "0.2.0"
source = "registry+https://github.com/rust-lang/crates.io-index"
checksum = "826e7639553986605ec5979c7dd957c7895e93eabed50ab2ffa7f6128a75097c"

[[package]]
name = "unsize"
version = "1.0.0"
source = "registry+https://github.com/rust-lang/crates.io-index"
checksum = "b1ce1d6c86bfd2f725780a5bb49b3d75bee6798937b2d517dd4c0002a2cccf77"
dependencies = [
 "autocfg",
]

[[package]]
name = "with_locals"
version = "0.3.3"
source = "registry+https://github.com/rust-lang/crates.io-index"
checksum = "73f73e3c05c3571008d96208514968477765246251e9d0d4c8aa23223a5d0fd4"
dependencies = [
 "with_locals-proc_macros",
]

[[package]]
name = "with_locals-proc_macros"
version = "0.3.3"
source = "registry+https://github.com/rust-lang/crates.io-index"
checksum = "e9093ae66fd5a629ab57da63706ba2639bcdf22a279972f8423123f16b7e8dfd"
dependencies = [
 "func_wrap",
 "proc-macro2",
 "quote",
 "syn",
]
